// !$*UTF8*$!
{
	archiveVersion = 1;
	classes = {
	};
	objectVersion = 46;
	objects = {

/* Begin PBXBuildFile section */
		7688DFDD184EE34300F12C1E /* main.cpp in Sources */ = {isa = PBXBuildFile; fileRef = 7688DFDC184EE34300F12C1E /* main.cpp */; };
		7688DFDF184EE34300F12C1E /* TSP.1 in CopyFiles */ = {isa = PBXBuildFile; fileRef = 7688DFDE184EE34300F12C1E /* TSP.1 */; };
		7688DFE7184EE37500F12C1E /* Splitter.cpp in Sources */ = {isa = PBXBuildFile; fileRef = 7688DFE5184EE37500F12C1E /* Splitter.cpp */; };
		7688DFEA184EE7B200F12C1E /* example-input-1.txt in CopyFiles */ = {isa = PBXBuildFile; fileRef = 7688DFE8184EE79D00F12C1E /* example-input-1.txt */; };
/* End PBXBuildFile section */

/* Begin PBXCopyFilesBuildPhase section */
		7688DFD7184EE34300F12C1E /* CopyFiles */ = {
			isa = PBXCopyFilesBuildPhase;
			buildActionMask = 12;
			dstPath = "";
			dstSubfolderSpec = 16;
			files = (
				7688DFEA184EE7B200F12C1E /* example-input-1.txt in CopyFiles */,
				7688DFDF184EE34300F12C1E /* TSP.1 in CopyFiles */,
			);
			runOnlyForDeploymentPostprocessing = 0;
		};
/* End PBXCopyFilesBuildPhase section */

/* Begin PBXFileReference section */
		7688DFD9184EE34300F12C1E /* TSP */ = {isa = PBXFileReference; explicitFileType = "compiled.mach-o.executable"; includeInIndex = 0; path = TSP; sourceTree = BUILT_PRODUCTS_DIR; };
		7688DFDC184EE34300F12C1E /* main.cpp */ = {isa = PBXFileReference; lastKnownFileType = sourcecode.cpp.cpp; path = main.cpp; sourceTree = "<group>"; };
		7688DFDE184EE34300F12C1E /* TSP.1 */ = {isa = PBXFileReference; lastKnownFileType = text.man; path = TSP.1; sourceTree = "<group>"; };
		7688DFE5184EE37500F12C1E /* Splitter.cpp */ = {isa = PBXFileReference; fileEncoding = 4; lastKnownFileType = sourcecode.cpp.cpp; path = Splitter.cpp; sourceTree = "<group>"; };
		7688DFE6184EE37500F12C1E /* Splitter.h */ = {isa = PBXFileReference; fileEncoding = 4; lastKnownFileType = sourcecode.c.h; path = Splitter.h; sourceTree = "<group>"; };
		7688DFE8184EE79D00F12C1E /* example-input-1.txt */ = {isa = PBXFileReference; fileEncoding = 4; lastKnownFileType = text; path = "example-input-1.txt"; sourceTree = "<group>"; };
/* End PBXFileReference section */

/* Begin PBXFrameworksBuildPhase section */
		7688DFD6184EE34300F12C1E /* Frameworks */ = {
			isa = PBXFrameworksBuildPhase;
			buildActionMask = 2147483647;
			files = (
			);
			runOnlyForDeploymentPostprocessing = 0;
		};
/* End PBXFrameworksBuildPhase section */

/* Begin PBXGroup section */
		7688DFD0184EE34300F12C1E = {
			isa = PBXGroup;
			children = (
				7688DFDB184EE34300F12C1E /* TSP */,
				7688DFDA184EE34300F12C1E /* Products */,
			);
			sourceTree = "<group>";
		};
		7688DFDA184EE34300F12C1E /* Products */ = {
			isa = PBXGroup;
			children = (
				7688DFD9184EE34300F12C1E /* TSP */,
			);
			name = Products;
			sourceTree = "<group>";
		};
		7688DFDB184EE34300F12C1E /* TSP */ = {
			isa = PBXGroup;
			children = (
				7688DFDE184EE34300F12C1E /* TSP.1 */,
				7688DFE9184EE7A500F12C1E /* Sample Inputs */,
				7688DFDC184EE34300F12C1E /* main.cpp */,
				7688DFE5184EE37500F12C1E /* Splitter.cpp */,
				7688DFE6184EE37500F12C1E /* Splitter.h */,
			);
			path = TSP;
			sourceTree = "<group>";
		};
		7688DFE9184EE7A500F12C1E /* Sample Inputs */ = {
			isa = PBXGroup;
			children = (
				7688DFE8184EE79D00F12C1E /* example-input-1.txt */,
			);
			name = "Sample Inputs";
			sourceTree = "<group>";
		};
/* End PBXGroup section */

/* Begin PBXNativeTarget section */
		7688DFD8184EE34300F12C1E /* TSP */ = {
			isa = PBXNativeTarget;
			buildConfigurationList = 7688DFE2184EE34300F12C1E /* Build configuration list for PBXNativeTarget "TSP" */;
			buildPhases = (
				7688DFD5184EE34300F12C1E /* Sources */,
				7688DFD6184EE34300F12C1E /* Frameworks */,
				7688DFD7184EE34300F12C1E /* CopyFiles */,
			);
			buildRules = (
			);
			dependencies = (
			);
			name = TSP;
			productName = TSP;
			productReference = 7688DFD9184EE34300F12C1E /* TSP */;
			productType = "com.apple.product-type.tool";
		};
/* End PBXNativeTarget section */

/* Begin PBXProject section */
		7688DFD1184EE34300F12C1E /* Project object */ = {
			isa = PBXProject;
			attributes = {
				LastUpgradeCheck = 0500;
				ORGANIZATIONNAME = Evans_Ulrich;
			};
			buildConfigurationList = 7688DFD4184EE34300F12C1E /* Build configuration list for PBXProject "TSP" */;
			compatibilityVersion = "Xcode 3.2";
			developmentRegion = English;
			hasScannedForEncodings = 0;
			knownRegions = (
				en,
			);
			mainGroup = 7688DFD0184EE34300F12C1E;
			productRefGroup = 7688DFDA184EE34300F12C1E /* Products */;
			projectDirPath = "";
			projectRoot = "";
			targets = (
				7688DFD8184EE34300F12C1E /* TSP */,
			);
		};
/* End PBXProject section */

/* Begin PBXSourcesBuildPhase section */
		7688DFD5184EE34300F12C1E /* Sources */ = {
			isa = PBXSourcesBuildPhase;
			buildActionMask = 2147483647;
			files = (
				7688DFE7184EE37500F12C1E /* Splitter.cpp in Sources */,
				7688DFDD184EE34300F12C1E /* main.cpp in Sources */,
			);
			runOnlyForDeploymentPostprocessing = 0;
		};
/* End PBXSourcesBuildPhase section */

/* Begin XCBuildConfiguration section */
		7688DFE0184EE34300F12C1E /* Debug */ = {
			isa = XCBuildConfiguration;
			buildSettings = {
				ALWAYS_SEARCH_USER_PATHS = NO;
				CLANG_CXX_LANGUAGE_STANDARD = "gnu++0x";
				CLANG_CXX_LIBRARY = "libc++";
				CLANG_ENABLE_OBJC_ARC = YES;
				CLANG_WARN_BOOL_CONVERSION = YES;
				CLANG_WARN_CONSTANT_CONVERSION = YES;
				CLANG_WARN_DIRECT_OBJC_ISA_USAGE = YES_ERROR;
				CLANG_WARN_EMPTY_BODY = YES;
				CLANG_WARN_ENUM_CONVERSION = YES;
				CLANG_WARN_INT_CONVERSION = YES;
				CLANG_WARN_OBJC_ROOT_CLASS = YES_ERROR;
				CLANG_WARN__DUPLICATE_METHOD_MATCH = YES;
				COPY_PHASE_STRIP = NO;
				GCC_C_LANGUAGE_STANDARD = gnu99;
				GCC_DYNAMIC_NO_PIC = NO;
				GCC_ENABLE_OBJC_EXCEPTIONS = YES;
				GCC_OPTIMIZATION_LEVEL = 0;
				GCC_PREPROCESSOR_DEFINITIONS = (
					"DEBUG=1",
					"$(inherited)",
				);
				GCC_SYMBOLS_PRIVATE_EXTERN = NO;
				GCC_WARN_64_TO_32_BIT_CONVERSION = YES;
				GCC_WARN_ABOUT_RETURN_TYPE = YES_ERROR;
				GCC_WARN_UNDECLARED_SELECTOR = YES;
				GCC_WARN_UNINITIALIZED_AUTOS = YES;
				GCC_WARN_UNUSED_FUNCTION = YES;
				GCC_WARN_UNUSED_VARIABLE = YES;
				MACOSX_DEPLOYMENT_TARGET = 10.9;
				ONLY_ACTIVE_ARCH = YES;
				SDKROOT = macosx;
			};
			name = Debug;
		};
		7688DFE1184EE34300F12C1E /* Release */ = {
			isa = XCBuildConfiguration;
			buildSettings = {
				ALWAYS_SEARCH_USER_PATHS = NO;
				CLANG_CXX_LANGUAGE_STANDARD = "gnu++0x";
				CLANG_CXX_LIBRARY = "libc++";
				CLANG_ENABLE_OBJC_ARC = YES;
				CLANG_WARN_BOOL_CONVERSION = YES;
				CLANG_WARN_CONSTANT_CONVERSION = YES;
				CLANG_WARN_DIRECT_OBJC_ISA_USAGE = YES_ERROR;
				CLANG_WARN_EMPTY_BODY = YES;
				CLANG_WARN_ENUM_CONVERSION = YES;
				CLANG_WARN_INT_CONVERSION = YES;
				CLANG_WARN_OBJC_ROOT_CLASS = YES_ERROR;
				CLANG_WARN__DUPLICATE_METHOD_MATCH = YES;
				COPY_PHASE_STRIP = YES;
				DEBUG_INFORMATION_FORMAT = "dwarf-with-dsym";
				ENABLE_NS_ASSERTIONS = NO;
				GCC_C_LANGUAGE_STANDARD = gnu99;
				GCC_ENABLE_OBJC_EXCEPTIONS = YES;
				GCC_WARN_64_TO_32_BIT_CONVERSION = YES;
				GCC_WARN_ABOUT_RETURN_TYPE = YES_ERROR;
				GCC_WARN_UNDECLARED_SELECTOR = YES;
				GCC_WARN_UNINITIALIZED_AUTOS = YES;
				GCC_WARN_UNUSED_FUNCTION = YES;
				GCC_WARN_UNUSED_VARIABLE = YES;
				MACOSX_DEPLOYMENT_TARGET = 10.9;
				SDKROOT = macosx;
			};
			name = Release;
		};
		7688DFE3184EE34300F12C1E /* Debug */ = {
			isa = XCBuildConfiguration;
			buildSettings = {
				PRODUCT_NAME = "$(TARGET_NAME)";
			};
			name = Debug;
		};
		7688DFE4184EE34300F12C1E /* Release */ = {
			isa = XCBuildConfiguration;
			buildSettings = {
				PRODUCT_NAME = "$(TARGET_NAME)";
			};
			name = Release;
		};
/* End XCBuildConfiguration section */

/* Begin XCConfigurationList section */
		7688DFD4184EE34300F12C1E /* Build configuration list for PBXProject "TSP" */ = {
			isa = XCConfigurationList;
			buildConfigurations = (
				7688DFE0184EE34300F12C1E /* Debug */,
				7688DFE1184EE34300F12C1E /* Release */,
			);
			defaultConfigurationIsVisible = 0;
			defaultConfigurationName = Release;
		};
		7688DFE2184EE34300F12C1E /* Build configuration list for PBXNativeTarget "TSP" */ = {
			isa = XCConfigurationList;
			buildConfigurations = (
				7688DFE3184EE34300F12C1E /* Debug */,
				7688DFE4184EE34300F12C1E /* Release */,
			);
			defaultConfigurationIsVisible = 0;
		};
/* End XCConfigurationList section */
	};
	rootObject = 7688DFD1184EE34300F12C1E /* Project object */;
}
